// !$*UTF8*$!
{
	archiveVersion = 1;
	classes = {
	};
	objectVersion = 55;
	objects = {

/* Begin PBXBuildFile section */
		2943A4BC08876AE337AF8964 /* Pods_AppcentNewsFeed.framework in Frameworks */ = {isa = PBXBuildFile; fileRef = 5DEF89E859C4C73C88E3A9BB /* Pods_AppcentNewsFeed.framework */; };
		591E1E3E27277373000B2342 /* FavoriteViewController.swift in Sources */ = {isa = PBXBuildFile; fileRef = 591E1E3D27277373000B2342 /* FavoriteViewController.swift */; };
		591E1E3F27277373000B2342 /* FavoriteViewController.swift in Sources */ = {isa = PBXBuildFile; fileRef = 591E1E3D27277373000B2342 /* FavoriteViewController.swift */; };
		591E1E4027277373000B2342 /* FavoriteViewController.swift in Sources */ = {isa = PBXBuildFile; fileRef = 591E1E3D27277373000B2342 /* FavoriteViewController.swift */; };
		591E1E4127277379000B2342 /* ViewController.swift in Sources */ = {isa = PBXBuildFile; fileRef = 593C06D4272762060091C045 /* ViewController.swift */; };
		591E1E422727737B000B2342 /* ViewController.swift in Sources */ = {isa = PBXBuildFile; fileRef = 593C06D4272762060091C045 /* ViewController.swift */; };
		591E1E4427277396000B2342 /* DetailsViewController.swift in Sources */ = {isa = PBXBuildFile; fileRef = 591E1E4327277396000B2342 /* DetailsViewController.swift */; };
		591E1E4527277396000B2342 /* DetailsViewController.swift in Sources */ = {isa = PBXBuildFile; fileRef = 591E1E4327277396000B2342 /* DetailsViewController.swift */; };
		591E1E4627277396000B2342 /* DetailsViewController.swift in Sources */ = {isa = PBXBuildFile; fileRef = 591E1E4327277396000B2342 /* DetailsViewController.swift */; };
		591E1E48272773F0000B2342 /* FeedViewController.swift in Sources */ = {isa = PBXBuildFile; fileRef = 591E1E47272773F0000B2342 /* FeedViewController.swift */; };
		591E1E49272773F0000B2342 /* FeedViewController.swift in Sources */ = {isa = PBXBuildFile; fileRef = 591E1E47272773F0000B2342 /* FeedViewController.swift */; };
		591E1E4A272773F0000B2342 /* FeedViewController.swift in Sources */ = {isa = PBXBuildFile; fileRef = 591E1E47272773F0000B2342 /* FeedViewController.swift */; };
		59261235272970E8008D3264 /* ArticleListViewModel.swift in Sources */ = {isa = PBXBuildFile; fileRef = 59261234272970E8008D3264 /* ArticleListViewModel.swift */; };
		59261237272982B1008D3264 /* ArticleViewModel.swift in Sources */ = {isa = PBXBuildFile; fileRef = 59261236272982B1008D3264 /* ArticleViewModel.swift */; };
		593C06D1272762060091C045 /* AppDelegate.swift in Sources */ = {isa = PBXBuildFile; fileRef = 593C06D0272762060091C045 /* AppDelegate.swift */; };
		593C06D3272762060091C045 /* SceneDelegate.swift in Sources */ = {isa = PBXBuildFile; fileRef = 593C06D2272762060091C045 /* SceneDelegate.swift */; };
		593C06D5272762060091C045 /* ViewController.swift in Sources */ = {isa = PBXBuildFile; fileRef = 593C06D4272762060091C045 /* ViewController.swift */; };
		593C06D8272762060091C045 /* Main.storyboard in Resources */ = {isa = PBXBuildFile; fileRef = 593C06D6272762060091C045 /* Main.storyboard */; };
		593C06DB272762060091C045 /* AppcentNewsFeed.xcdatamodeld in Sources */ = {isa = PBXBuildFile; fileRef = 593C06D9272762060091C045 /* AppcentNewsFeed.xcdatamodeld */; };
		593C06DD272762070091C045 /* Assets.xcassets in Resources */ = {isa = PBXBuildFile; fileRef = 593C06DC272762070091C045 /* Assets.xcassets */; };
		593C06E0272762070091C045 /* LaunchScreen.storyboard in Resources */ = {isa = PBXBuildFile; fileRef = 593C06DE272762070091C045 /* LaunchScreen.storyboard */; };
		593C06EB272762070091C045 /* AppcentNewsFeedTests.swift in Sources */ = {isa = PBXBuildFile; fileRef = 593C06EA272762070091C045 /* AppcentNewsFeedTests.swift */; };
		593C06F5272762070091C045 /* AppcentNewsFeedUITests.swift in Sources */ = {isa = PBXBuildFile; fileRef = 593C06F4272762070091C045 /* AppcentNewsFeedUITests.swift */; };
		593C06F7272762070091C045 /* AppcentNewsFeedUITestsLaunchTests.swift in Sources */ = {isa = PBXBuildFile; fileRef = 593C06F6272762070091C045 /* AppcentNewsFeedUITestsLaunchTests.swift */; };
		593C0708272762B00091C045 /* WebService.swift in Sources */ = {isa = PBXBuildFile; fileRef = 593C0707272762B00091C045 /* WebService.swift */; };
		593C0709272762B00091C045 /* WebService.swift in Sources */ = {isa = PBXBuildFile; fileRef = 593C0707272762B00091C045 /* WebService.swift */; };
		59C5781127283D470042657E /* Article.swift in Sources */ = {isa = PBXBuildFile; fileRef = 59C5781027283D470042657E /* Article.swift */; };
		59C5781327283D600042657E /* Source.swift in Sources */ = {isa = PBXBuildFile; fileRef = 59C5781227283D600042657E /* Source.swift */; };
		59C57819272880D30042657E /* CellTableViewCell.swift in Sources */ = {isa = PBXBuildFile; fileRef = 59C57818272880D30042657E /* CellTableViewCell.swift */; };
		59CD1EB7272B510500ED87C5 /* WebViewController.swift in Sources */ = {isa = PBXBuildFile; fileRef = 59CD1EB6272B510500ED87C5 /* WebViewController.swift */; };
		59DEB5D5272B2D2A00A4F9A5 /* FavoritesCellTableViewCell.swift in Sources */ = {isa = PBXBuildFile; fileRef = 59DEB5D4272B2D2A00A4F9A5 /* FavoritesCellTableViewCell.swift */; };
		BF8928C39DAB206860D839D5 /* Pods_AppcentNewsFeedTests.framework in Frameworks */ = {isa = PBXBuildFile; fileRef = 71998F70992258D7ADBBF041 /* Pods_AppcentNewsFeedTests.framework */; };
		F95B366325AC493F3897E849 /* Pods_AppcentNewsFeed_AppcentNewsFeedUITests.framework in Frameworks */ = {isa = PBXBuildFile; fileRef = 25140D297CB2660788E7A0CD /* Pods_AppcentNewsFeed_AppcentNewsFeedUITests.framework */; };
/* End PBXBuildFile section */

/* Begin PBXContainerItemProxy section */
		593C06E7272762070091C045 /* PBXContainerItemProxy */ = {
			isa = PBXContainerItemProxy;
			containerPortal = 593C06C5272762060091C045 /* Project object */;
			proxyType = 1;
			remoteGlobalIDString = 593C06CC272762060091C045;
			remoteInfo = AppcentNewsFeed;
		};
		593C06F1272762070091C045 /* PBXContainerItemProxy */ = {
			isa = PBXContainerItemProxy;
			containerPortal = 593C06C5272762060091C045 /* Project object */;
			proxyType = 1;
			remoteGlobalIDString = 593C06CC272762060091C045;
			remoteInfo = AppcentNewsFeed;
		};
/* End PBXContainerItemProxy section */

/* Begin PBXFileReference section */
		0F44859A8BB5A4B659E0F092 /* Pods-AppcentNewsFeed-AppcentNewsFeedUITests.release.xcconfig */ = {isa = PBXFileReference; includeInIndex = 1; lastKnownFileType = text.xcconfig; name = "Pods-AppcentNewsFeed-AppcentNewsFeedUITests.release.xcconfig"; path = "Target Support Files/Pods-AppcentNewsFeed-AppcentNewsFeedUITests/Pods-AppcentNewsFeed-AppcentNewsFeedUITests.release.xcconfig"; sourceTree = "<group>"; };
		18E24D6B879CFFE5A224DB50 /* Pods-AppcentNewsFeedTests.release.xcconfig */ = {isa = PBXFileReference; includeInIndex = 1; lastKnownFileType = text.xcconfig; name = "Pods-AppcentNewsFeedTests.release.xcconfig"; path = "Target Support Files/Pods-AppcentNewsFeedTests/Pods-AppcentNewsFeedTests.release.xcconfig"; sourceTree = "<group>"; };
		210CE26E6A39CED4146885F0 /* Pods-AppcentNewsFeedTests.debug.xcconfig */ = {isa = PBXFileReference; includeInIndex = 1; lastKnownFileType = text.xcconfig; name = "Pods-AppcentNewsFeedTests.debug.xcconfig"; path = "Target Support Files/Pods-AppcentNewsFeedTests/Pods-AppcentNewsFeedTests.debug.xcconfig"; sourceTree = "<group>"; };
		25140D297CB2660788E7A0CD /* Pods_AppcentNewsFeed_AppcentNewsFeedUITests.framework */ = {isa = PBXFileReference; explicitFileType = wrapper.framework; includeInIndex = 0; path = Pods_AppcentNewsFeed_AppcentNewsFeedUITests.framework; sourceTree = BUILT_PRODUCTS_DIR; };
		591E1E3D27277373000B2342 /* FavoriteViewController.swift */ = {isa = PBXFileReference; lastKnownFileType = sourcecode.swift; path = FavoriteViewController.swift; sourceTree = "<group>"; };
		591E1E4327277396000B2342 /* DetailsViewController.swift */ = {isa = PBXFileReference; lastKnownFileType = sourcecode.swift; path = DetailsViewController.swift; sourceTree = "<group>"; };
		591E1E47272773F0000B2342 /* FeedViewController.swift */ = {isa = PBXFileReference; lastKnownFileType = sourcecode.swift; path = FeedViewController.swift; sourceTree = "<group>"; };
		59261234272970E8008D3264 /* ArticleListViewModel.swift */ = {isa = PBXFileReference; lastKnownFileType = sourcecode.swift; path = ArticleListViewModel.swift; sourceTree = "<group>"; };
		59261236272982B1008D3264 /* ArticleViewModel.swift */ = {isa = PBXFileReference; lastKnownFileType = sourcecode.swift; path = ArticleViewModel.swift; sourceTree = "<group>"; };
		593C06CD272762060091C045 /* AppcentNewsFeed.app */ = {isa = PBXFileReference; explicitFileType = wrapper.application; includeInIndex = 0; path = AppcentNewsFeed.app; sourceTree = BUILT_PRODUCTS_DIR; };
		593C06D0272762060091C045 /* AppDelegate.swift */ = {isa = PBXFileReference; lastKnownFileType = sourcecode.swift; path = AppDelegate.swift; sourceTree = "<group>"; };
		593C06D2272762060091C045 /* SceneDelegate.swift */ = {isa = PBXFileReference; lastKnownFileType = sourcecode.swift; path = SceneDelegate.swift; sourceTree = "<group>"; };
		593C06D4272762060091C045 /* ViewController.swift */ = {isa = PBXFileReference; lastKnownFileType = sourcecode.swift; path = ViewController.swift; sourceTree = "<group>"; };
		593C06D7272762060091C045 /* Base */ = {isa = PBXFileReference; lastKnownFileType = file.storyboard; name = Base; path = Base.lproj/Main.storyboard; sourceTree = "<group>"; };
		593C06DA272762060091C045 /* AppcentNewsFeed.xcdatamodel */ = {isa = PBXFileReference; lastKnownFileType = wrapper.xcdatamodel; path = AppcentNewsFeed.xcdatamodel; sourceTree = "<group>"; };
		593C06DC272762070091C045 /* Assets.xcassets */ = {isa = PBXFileReference; lastKnownFileType = folder.assetcatalog; path = Assets.xcassets; sourceTree = "<group>"; };
		593C06DF272762070091C045 /* Base */ = {isa = PBXFileReference; lastKnownFileType = file.storyboard; name = Base; path = Base.lproj/LaunchScreen.storyboard; sourceTree = "<group>"; };
		593C06E1272762070091C045 /* Info.plist */ = {isa = PBXFileReference; lastKnownFileType = text.plist.xml; path = Info.plist; sourceTree = "<group>"; };
		593C06E6272762070091C045 /* AppcentNewsFeedTests.xctest */ = {isa = PBXFileReference; explicitFileType = wrapper.cfbundle; includeInIndex = 0; path = AppcentNewsFeedTests.xctest; sourceTree = BUILT_PRODUCTS_DIR; };
		593C06EA272762070091C045 /* AppcentNewsFeedTests.swift */ = {isa = PBXFileReference; lastKnownFileType = sourcecode.swift; path = AppcentNewsFeedTests.swift; sourceTree = "<group>"; };
		593C06F0272762070091C045 /* AppcentNewsFeedUITests.xctest */ = {isa = PBXFileReference; explicitFileType = wrapper.cfbundle; includeInIndex = 0; path = AppcentNewsFeedUITests.xctest; sourceTree = BUILT_PRODUCTS_DIR; };
		593C06F4272762070091C045 /* AppcentNewsFeedUITests.swift */ = {isa = PBXFileReference; lastKnownFileType = sourcecode.swift; path = AppcentNewsFeedUITests.swift; sourceTree = "<group>"; };
		593C06F6272762070091C045 /* AppcentNewsFeedUITestsLaunchTests.swift */ = {isa = PBXFileReference; lastKnownFileType = sourcecode.swift; path = AppcentNewsFeedUITestsLaunchTests.swift; sourceTree = "<group>"; };
		593C0707272762B00091C045 /* WebService.swift */ = {isa = PBXFileReference; lastKnownFileType = sourcecode.swift; path = WebService.swift; sourceTree = "<group>"; };
		59C5781027283D470042657E /* Article.swift */ = {isa = PBXFileReference; lastKnownFileType = sourcecode.swift; path = Article.swift; sourceTree = "<group>"; };
		59C5781227283D600042657E /* Source.swift */ = {isa = PBXFileReference; lastKnownFileType = sourcecode.swift; path = Source.swift; sourceTree = "<group>"; };
		59C57818272880D30042657E /* CellTableViewCell.swift */ = {isa = PBXFileReference; lastKnownFileType = sourcecode.swift; path = CellTableViewCell.swift; sourceTree = "<group>"; };
		59CD1EB6272B510500ED87C5 /* WebViewController.swift */ = {isa = PBXFileReference; lastKnownFileType = sourcecode.swift; path = WebViewController.swift; sourceTree = "<group>"; };
		59DEB5D4272B2D2A00A4F9A5 /* FavoritesCellTableViewCell.swift */ = {isa = PBXFileReference; lastKnownFileType = sourcecode.swift; path = FavoritesCellTableViewCell.swift; sourceTree = "<group>"; };
		5DEF89E859C4C73C88E3A9BB /* Pods_AppcentNewsFeed.framework */ = {isa = PBXFileReference; explicitFileType = wrapper.framework; includeInIndex = 0; path = Pods_AppcentNewsFeed.framework; sourceTree = BUILT_PRODUCTS_DIR; };
		71998F70992258D7ADBBF041 /* Pods_AppcentNewsFeedTests.framework */ = {isa = PBXFileReference; explicitFileType = wrapper.framework; includeInIndex = 0; path = Pods_AppcentNewsFeedTests.framework; sourceTree = BUILT_PRODUCTS_DIR; };
		80175F2FC8C2AE22749F8017 /* Pods-AppcentNewsFeed.release.xcconfig */ = {isa = PBXFileReference; includeInIndex = 1; lastKnownFileType = text.xcconfig; name = "Pods-AppcentNewsFeed.release.xcconfig"; path = "Target Support Files/Pods-AppcentNewsFeed/Pods-AppcentNewsFeed.release.xcconfig"; sourceTree = "<group>"; };
		CC03D4D7DC495CC9C45FF575 /* Pods-AppcentNewsFeed.debug.xcconfig */ = {isa = PBXFileReference; includeInIndex = 1; lastKnownFileType = text.xcconfig; name = "Pods-AppcentNewsFeed.debug.xcconfig"; path = "Target Support Files/Pods-AppcentNewsFeed/Pods-AppcentNewsFeed.debug.xcconfig"; sourceTree = "<group>"; };
		E72733E75C55C18700B0E0BF /* Pods-AppcentNewsFeed-AppcentNewsFeedUITests.debug.xcconfig */ = {isa = PBXFileReference; includeInIndex = 1; lastKnownFileType = text.xcconfig; name = "Pods-AppcentNewsFeed-AppcentNewsFeedUITests.debug.xcconfig"; path = "Target Support Files/Pods-AppcentNewsFeed-AppcentNewsFeedUITests/Pods-AppcentNewsFeed-AppcentNewsFeedUITests.debug.xcconfig"; sourceTree = "<group>"; };
/* End PBXFileReference section */

/* Begin PBXFrameworksBuildPhase section */
		593C06CA272762060091C045 /* Frameworks */ = {
			isa = PBXFrameworksBuildPhase;
			buildActionMask = 2147483647;
			files = (
				2943A4BC08876AE337AF8964 /* Pods_AppcentNewsFeed.framework in Frameworks */,
			);
			runOnlyForDeploymentPostprocessing = 0;
		};
		593C06E3272762070091C045 /* Frameworks */ = {
			isa = PBXFrameworksBuildPhase;
			buildActionMask = 2147483647;
			files = (
				BF8928C39DAB206860D839D5 /* Pods_AppcentNewsFeedTests.framework in Frameworks */,
			);
			runOnlyForDeploymentPostprocessing = 0;
		};
		593C06ED272762070091C045 /* Frameworks */ = {
			isa = PBXFrameworksBuildPhase;
			buildActionMask = 2147483647;
			files = (
				F95B366325AC493F3897E849 /* Pods_AppcentNewsFeed_AppcentNewsFeedUITests.framework in Frameworks */,
			);
			runOnlyForDeploymentPostprocessing = 0;
		};
/* End PBXFrameworksBuildPhase section */

/* Begin PBXGroup section */
		128D8081DD8BBEB6D7480889 /* Frameworks */ = {
			isa = PBXGroup;
			children = (
				5DEF89E859C4C73C88E3A9BB /* Pods_AppcentNewsFeed.framework */,
				25140D297CB2660788E7A0CD /* Pods_AppcentNewsFeed_AppcentNewsFeedUITests.framework */,
				71998F70992258D7ADBBF041 /* Pods_AppcentNewsFeedTests.framework */,
			);
			name = Frameworks;
			sourceTree = "<group>";
		};
		593C06C4272762060091C045 = {
			isa = PBXGroup;
			children = (
				593C06CF272762060091C045 /* AppcentNewsFeed */,
				593C06E9272762070091C045 /* AppcentNewsFeedTests */,
				593C06F3272762070091C045 /* AppcentNewsFeedUITests */,
				593C06CE272762060091C045 /* Products */,
				FFB64A65CE80F95F6012CA75 /* Pods */,
				128D8081DD8BBEB6D7480889 /* Frameworks */,
			);
			sourceTree = "<group>";
		};
		593C06CE272762060091C045 /* Products */ = {
			isa = PBXGroup;
			children = (
				593C06CD272762060091C045 /* AppcentNewsFeed.app */,
				593C06E6272762070091C045 /* AppcentNewsFeedTests.xctest */,
				593C06F0272762070091C045 /* AppcentNewsFeedUITests.xctest */,
			);
			name = Products;
			sourceTree = "<group>";
		};
		593C06CF272762060091C045 /* AppcentNewsFeed */ = {
			isa = PBXGroup;
			children = (
				593C0706272762510091C045 /* Service */,
				593C0705272762440091C045 /* Model */,
				593C07042727623A0091C045 /* ViewModel */,
				593C07032727622C0091C045 /* View */,
				593C06D6272762060091C045 /* Main.storyboard */,
				593C06DC272762070091C045 /* Assets.xcassets */,
				593C06DE272762070091C045 /* LaunchScreen.storyboard */,
				593C06E1272762070091C045 /* Info.plist */,
				593C06D9272762060091C045 /* AppcentNewsFeed.xcdatamodeld */,
			);
			path = AppcentNewsFeed;
			sourceTree = "<group>";
		};
		593C06E9272762070091C045 /* AppcentNewsFeedTests */ = {
			isa = PBXGroup;
			children = (
				593C06EA272762070091C045 /* AppcentNewsFeedTests.swift */,
			);
			path = AppcentNewsFeedTests;
			sourceTree = "<group>";
		};
		593C06F3272762070091C045 /* AppcentNewsFeedUITests */ = {
			isa = PBXGroup;
			children = (
				593C06F4272762070091C045 /* AppcentNewsFeedUITests.swift */,
				593C06F6272762070091C045 /* AppcentNewsFeedUITestsLaunchTests.swift */,
			);
			path = AppcentNewsFeedUITests;
			sourceTree = "<group>";
		};
		593C07032727622C0091C045 /* View */ = {
			isa = PBXGroup;
			children = (
				593C06D0272762060091C045 /* AppDelegate.swift */,
				593C06D2272762060091C045 /* SceneDelegate.swift */,
				593C06D4272762060091C045 /* ViewController.swift */,
				591E1E3D27277373000B2342 /* FavoriteViewController.swift */,
				591E1E4327277396000B2342 /* DetailsViewController.swift */,
				591E1E47272773F0000B2342 /* FeedViewController.swift */,
				59C57818272880D30042657E /* CellTableViewCell.swift */,
				59DEB5D4272B2D2A00A4F9A5 /* FavoritesCellTableViewCell.swift */,
				59CD1EB6272B510500ED87C5 /* WebViewController.swift */,
			);
			path = View;
			sourceTree = "<group>";
		};
		593C07042727623A0091C045 /* ViewModel */ = {
			isa = PBXGroup;
			children = (
				59261234272970E8008D3264 /* ArticleListViewModel.swift */,
				59261236272982B1008D3264 /* ArticleViewModel.swift */,
			);
			path = ViewModel;
			sourceTree = "<group>";
		};
		593C0705272762440091C045 /* Model */ = {
			isa = PBXGroup;
			children = (
				59C5781027283D470042657E /* Article.swift */,
				59C5781227283D600042657E /* Source.swift */,
			);
			path = Model;
			sourceTree = "<group>";
		};
		593C0706272762510091C045 /* Service */ = {
			isa = PBXGroup;
			children = (
				593C0707272762B00091C045 /* WebService.swift */,
			);
			path = Service;
			sourceTree = "<group>";
		};
		FFB64A65CE80F95F6012CA75 /* Pods */ = {
			isa = PBXGroup;
			children = (
				CC03D4D7DC495CC9C45FF575 /* Pods-AppcentNewsFeed.debug.xcconfig */,
				80175F2FC8C2AE22749F8017 /* Pods-AppcentNewsFeed.release.xcconfig */,
				E72733E75C55C18700B0E0BF /* Pods-AppcentNewsFeed-AppcentNewsFeedUITests.debug.xcconfig */,
				0F44859A8BB5A4B659E0F092 /* Pods-AppcentNewsFeed-AppcentNewsFeedUITests.release.xcconfig */,
				210CE26E6A39CED4146885F0 /* Pods-AppcentNewsFeedTests.debug.xcconfig */,
				18E24D6B879CFFE5A224DB50 /* Pods-AppcentNewsFeedTests.release.xcconfig */,
			);
			path = Pods;
			sourceTree = "<group>";
		};
/* End PBXGroup section */

/* Begin PBXNativeTarget section */
		593C06CC272762060091C045 /* AppcentNewsFeed */ = {
			isa = PBXNativeTarget;
			buildConfigurationList = 593C06FA272762070091C045 /* Build configuration list for PBXNativeTarget "AppcentNewsFeed" */;
			buildPhases = (
				04327BC9CDD5C935D3CE7D03 /* [CP] Check Pods Manifest.lock */,
				593C06C9272762060091C045 /* Sources */,
				593C06CA272762060091C045 /* Frameworks */,
				593C06CB272762060091C045 /* Resources */,
				BA6EB6C424B31C4FBA5ED6FF /* [CP] Embed Pods Frameworks */,
			);
			buildRules = (
			);
			dependencies = (
			);
			name = AppcentNewsFeed;
			productName = AppcentNewsFeed;
			productReference = 593C06CD272762060091C045 /* AppcentNewsFeed.app */;
			productType = "com.apple.product-type.application";
		};
		593C06E5272762070091C045 /* AppcentNewsFeedTests */ = {
			isa = PBXNativeTarget;
			buildConfigurationList = 593C06FD272762070091C045 /* Build configuration list for PBXNativeTarget "AppcentNewsFeedTests" */;
			buildPhases = (
				FC8F1FE880601004B4D64DBA /* [CP] Check Pods Manifest.lock */,
				593C06E2272762070091C045 /* Sources */,
				593C06E3272762070091C045 /* Frameworks */,
				593C06E4272762070091C045 /* Resources */,
			);
			buildRules = (
			);
			dependencies = (
				593C06E8272762070091C045 /* PBXTargetDependency */,
			);
			name = AppcentNewsFeedTests;
			productName = AppcentNewsFeedTests;
			productReference = 593C06E6272762070091C045 /* AppcentNewsFeedTests.xctest */;
			productType = "com.apple.product-type.bundle.unit-test";
		};
		593C06EF272762070091C045 /* AppcentNewsFeedUITests */ = {
			isa = PBXNativeTarget;
			buildConfigurationList = 593C0700272762070091C045 /* Build configuration list for PBXNativeTarget "AppcentNewsFeedUITests" */;
			buildPhases = (
				3EA9C05158E250D0EF397BA1 /* [CP] Check Pods Manifest.lock */,
				593C06EC272762070091C045 /* Sources */,
				593C06ED272762070091C045 /* Frameworks */,
				593C06EE272762070091C045 /* Resources */,
				66BC8C15C8CAFACD02A6643F /* [CP] Embed Pods Frameworks */,
			);
			buildRules = (
			);
			dependencies = (
				593C06F2272762070091C045 /* PBXTargetDependency */,
			);
			name = AppcentNewsFeedUITests;
			productName = AppcentNewsFeedUITests;
			productReference = 593C06F0272762070091C045 /* AppcentNewsFeedUITests.xctest */;
			productType = "com.apple.product-type.bundle.ui-testing";
		};
/* End PBXNativeTarget section */

/* Begin PBXProject section */
		593C06C5272762060091C045 /* Project object */ = {
			isa = PBXProject;
			attributes = {
				BuildIndependentTargetsInParallel = 1;
				LastSwiftUpdateCheck = 1300;
				LastUpgradeCheck = 1300;
				TargetAttributes = {
					593C06CC272762060091C045 = {
						CreatedOnToolsVersion = 13.0;
					};
					593C06E5272762070091C045 = {
						CreatedOnToolsVersion = 13.0;
						TestTargetID = 593C06CC272762060091C045;
					};
					593C06EF272762070091C045 = {
						CreatedOnToolsVersion = 13.0;
						TestTargetID = 593C06CC272762060091C045;
					};
				};
			};
			buildConfigurationList = 593C06C8272762060091C045 /* Build configuration list for PBXProject "AppcentNewsFeed" */;
			compatibilityVersion = "Xcode 13.0";
			developmentRegion = en;
			hasScannedForEncodings = 0;
			knownRegions = (
				en,
				Base,
			);
			mainGroup = 593C06C4272762060091C045;
			productRefGroup = 593C06CE272762060091C045 /* Products */;
			projectDirPath = "";
			projectRoot = "";
			targets = (
				593C06CC272762060091C045 /* AppcentNewsFeed */,
				593C06E5272762070091C045 /* AppcentNewsFeedTests */,
				593C06EF272762070091C045 /* AppcentNewsFeedUITests */,
			);
		};
/* End PBXProject section */

/* Begin PBXResourcesBuildPhase section */
		593C06CB272762060091C045 /* Resources */ = {
			isa = PBXResourcesBuildPhase;
			buildActionMask = 2147483647;
			files = (
				593C06E0272762070091C045 /* LaunchScreen.storyboard in Resources */,
				593C06DD272762070091C045 /* Assets.xcassets in Resources */,
				593C06D8272762060091C045 /* Main.storyboard in Resources */,
			);
			runOnlyForDeploymentPostprocessing = 0;
		};
		593C06E4272762070091C045 /* Resources */ = {
			isa = PBXResourcesBuildPhase;
			buildActionMask = 2147483647;
			files = (
			);
			runOnlyForDeploymentPostprocessing = 0;
		};
		593C06EE272762070091C045 /* Resources */ = {
			isa = PBXResourcesBuildPhase;
			buildActionMask = 2147483647;
			files = (
			);
			runOnlyForDeploymentPostprocessing = 0;
		};
/* End PBXResourcesBuildPhase section */

/* Begin PBXShellScriptBuildPhase section */
		04327BC9CDD5C935D3CE7D03 /* [CP] Check Pods Manifest.lock */ = {
			isa = PBXShellScriptBuildPhase;
			buildActionMask = 2147483647;
			files = (
			);
			inputFileListPaths = (
			);
			inputPaths = (
				"${PODS_PODFILE_DIR_PATH}/Podfile.lock",
				"${PODS_ROOT}/Manifest.lock",
			);
			name = "[CP] Check Pods Manifest.lock";
			outputFileListPaths = (
			);
			outputPaths = (
				"$(DERIVED_FILE_DIR)/Pods-AppcentNewsFeed-checkManifestLockResult.txt",
			);
			runOnlyForDeploymentPostprocessing = 0;
			shellPath = /bin/sh;
			shellScript = "diff \"${PODS_PODFILE_DIR_PATH}/Podfile.lock\" \"${PODS_ROOT}/Manifest.lock\" > /dev/null\nif [ $? != 0 ] ; then\n    # print error to STDERR\n    echo \"error: The sandbox is not in sync with the Podfile.lock. Run 'pod install' or update your CocoaPods installation.\" >&2\n    exit 1\nfi\n# This output is used by Xcode 'outputs' to avoid re-running this script phase.\necho \"SUCCESS\" > \"${SCRIPT_OUTPUT_FILE_0}\"\n";
			showEnvVarsInLog = 0;
		};
		3EA9C05158E250D0EF397BA1 /* [CP] Check Pods Manifest.lock */ = {
			isa = PBXShellScriptBuildPhase;
			buildActionMask = 2147483647;
			files = (
			);
			inputFileListPaths = (
			);
			inputPaths = (
				"${PODS_PODFILE_DIR_PATH}/Podfile.lock",
				"${PODS_ROOT}/Manifest.lock",
			);
			name = "[CP] Check Pods Manifest.lock";
			outputFileListPaths = (
			);
			outputPaths = (
				"$(DERIVED_FILE_DIR)/Pods-AppcentNewsFeed-AppcentNewsFeedUITests-checkManifestLockResult.txt",
			);
			runOnlyForDeploymentPostprocessing = 0;
			shellPath = /bin/sh;
			shellScript = "diff \"${PODS_PODFILE_DIR_PATH}/Podfile.lock\" \"${PODS_ROOT}/Manifest.lock\" > /dev/null\nif [ $? != 0 ] ; then\n    # print error to STDERR\n    echo \"error: The sandbox is not in sync with the Podfile.lock. Run 'pod install' or update your CocoaPods installation.\" >&2\n    exit 1\nfi\n# This output is used by Xcode 'outputs' to avoid re-running this script phase.\necho \"SUCCESS\" > \"${SCRIPT_OUTPUT_FILE_0}\"\n";
			showEnvVarsInLog = 0;
		};
		66BC8C15C8CAFACD02A6643F /* [CP] Embed Pods Frameworks */ = {
			isa = PBXShellScriptBuildPhase;
			buildActionMask = 2147483647;
			files = (
			);
			inputFileListPaths = (
				"${PODS_ROOT}/Target Support Files/Pods-AppcentNewsFeed-AppcentNewsFeedUITests/Pods-AppcentNewsFeed-AppcentNewsFeedUITests-frameworks-${CONFIGURATION}-input-files.xcfilelist",
			);
			name = "[CP] Embed Pods Frameworks";
			outputFileListPaths = (
				"${PODS_ROOT}/Target Support Files/Pods-AppcentNewsFeed-AppcentNewsFeedUITests/Pods-AppcentNewsFeed-AppcentNewsFeedUITests-frameworks-${CONFIGURATION}-output-files.xcfilelist",
			);
			runOnlyForDeploymentPostprocessing = 0;
			shellPath = /bin/sh;
			shellScript = "\"${PODS_ROOT}/Target Support Files/Pods-AppcentNewsFeed-AppcentNewsFeedUITests/Pods-AppcentNewsFeed-AppcentNewsFeedUITests-frameworks.sh\"\n";
			showEnvVarsInLog = 0;
		};
		BA6EB6C424B31C4FBA5ED6FF /* [CP] Embed Pods Frameworks */ = {
			isa = PBXShellScriptBuildPhase;
			buildActionMask = 2147483647;
			files = (
			);
			inputFileListPaths = (
				"${PODS_ROOT}/Target Support Files/Pods-AppcentNewsFeed/Pods-AppcentNewsFeed-frameworks-${CONFIGURATION}-input-files.xcfilelist",
			);
			name = "[CP] Embed Pods Frameworks";
			outputFileListPaths = (
				"${PODS_ROOT}/Target Support Files/Pods-AppcentNewsFeed/Pods-AppcentNewsFeed-frameworks-${CONFIGURATION}-output-files.xcfilelist",
			);
			runOnlyForDeploymentPostprocessing = 0;
			shellPath = /bin/sh;
			shellScript = "\"${PODS_ROOT}/Target Support Files/Pods-AppcentNewsFeed/Pods-AppcentNewsFeed-frameworks.sh\"\n";
			showEnvVarsInLog = 0;
		};
		FC8F1FE880601004B4D64DBA /* [CP] Check Pods Manifest.lock */ = {
			isa = PBXShellScriptBuildPhase;
			buildActionMask = 2147483647;
			files = (
			);
			inputFileListPaths = (
			);
			inputPaths = (
				"${PODS_PODFILE_DIR_PATH}/Podfile.lock",
				"${PODS_ROOT}/Manifest.lock",
			);
			name = "[CP] Check Pods Manifest.lock";
			outputFileListPaths = (
			);
			outputPaths = (
				"$(DERIVED_FILE_DIR)/Pods-AppcentNewsFeedTests-checkManifestLockResult.txt",
			);
			runOnlyForDeploymentPostprocessing = 0;
			shellPath = /bin/sh;
			shellScript = "diff \"${PODS_PODFILE_DIR_PATH}/Podfile.lock\" \"${PODS_ROOT}/Manifest.lock\" > /dev/null\nif [ $? != 0 ] ; then\n    # print error to STDERR\n    echo \"error: The sandbox is not in sync with the Podfile.lock. Run 'pod install' or update your CocoaPods installation.\" >&2\n    exit 1\nfi\n# This output is used by Xcode 'outputs' to avoid re-running this script phase.\necho \"SUCCESS\" > \"${SCRIPT_OUTPUT_FILE_0}\"\n";
			showEnvVarsInLog = 0;
		};
/* End PBXShellScriptBuildPhase section */

/* Begin PBXSourcesBuildPhase section */
		593C06C9272762060091C045 /* Sources */ = {
			isa = PBXSourcesBuildPhase;
			buildActionMask = 2147483647;
			files = (
				593C06DB272762060091C045 /* AppcentNewsFeed.xcdatamodeld in Sources */,
				591E1E48272773F0000B2342 /* FeedViewController.swift in Sources */,
				591E1E4427277396000B2342 /* DetailsViewController.swift in Sources */,
				59C5781327283D600042657E /* Source.swift in Sources */,
				59261237272982B1008D3264 /* ArticleViewModel.swift in Sources */,
				59C5781127283D470042657E /* Article.swift in Sources */,
				593C06D5272762060091C045 /* ViewController.swift in Sources */,
				593C06D1272762060091C045 /* AppDelegate.swift in Sources */,
				593C0708272762B00091C045 /* WebService.swift in Sources */,
				59DEB5D5272B2D2A00A4F9A5 /* FavoritesCellTableViewCell.swift in Sources */,
				591E1E3E27277373000B2342 /* FavoriteViewController.swift in Sources */,
				593C06D3272762060091C045 /* SceneDelegate.swift in Sources */,
				59C57819272880D30042657E /* CellTableViewCell.swift in Sources */,
				59CD1EB7272B510500ED87C5 /* WebViewController.swift in Sources */,
				59261235272970E8008D3264 /* ArticleListViewModel.swift in Sources */,
			);
			runOnlyForDeploymentPostprocessing = 0;
		};
		593C06E2272762070091C045 /* Sources */ = {
			isa = PBXSourcesBuildPhase;
			buildActionMask = 2147483647;
			files = (
				593C0709272762B00091C045 /* WebService.swift in Sources */,
				593C06EB272762070091C045 /* AppcentNewsFeedTests.swift in Sources */,
				591E1E4527277396000B2342 /* DetailsViewController.swift in Sources */,
				591E1E4127277379000B2342 /* ViewController.swift in Sources */,
				591E1E49272773F0000B2342 /* FeedViewController.swift in Sources */,
				591E1E3F27277373000B2342 /* FavoriteViewController.swift in Sources */,
			);
			runOnlyForDeploymentPostprocessing = 0;
		};
		593C06EC272762070091C045 /* Sources */ = {
			isa = PBXSourcesBuildPhase;
			buildActionMask = 2147483647;
			files = (
				593C06F5272762070091C045 /* AppcentNewsFeedUITests.swift in Sources */,
				591E1E4027277373000B2342 /* FavoriteViewController.swift in Sources */,
				591E1E422727737B000B2342 /* ViewController.swift in Sources */,
				593C06F7272762070091C045 /* AppcentNewsFeedUITestsLaunchTests.swift in Sources */,
				591E1E4A272773F0000B2342 /* FeedViewController.swift in Sources */,
				591E1E4627277396000B2342 /* DetailsViewController.swift in Sources */,
			);
			runOnlyForDeploymentPostprocessing = 0;
		};
/* End PBXSourcesBuildPhase section */

/* Begin PBXTargetDependency section */
		593C06E8272762070091C045 /* PBXTargetDependency */ = {
			isa = PBXTargetDependency;
			target = 593C06CC272762060091C045 /* AppcentNewsFeed */;
			targetProxy = 593C06E7272762070091C045 /* PBXContainerItemProxy */;
		};
		593C06F2272762070091C045 /* PBXTargetDependency */ = {
			isa = PBXTargetDependency;
			target = 593C06CC272762060091C045 /* AppcentNewsFeed */;
			targetProxy = 593C06F1272762070091C045 /* PBXContainerItemProxy */;
		};
/* End PBXTargetDependency section */

/* Begin PBXVariantGroup section */
		593C06D6272762060091C045 /* Main.storyboard */ = {
			isa = PBXVariantGroup;
			children = (
				593C06D7272762060091C045 /* Base */,
			);
			name = Main.storyboard;
			sourceTree = "<group>";
		};
		593C06DE272762070091C045 /* LaunchScreen.storyboard */ = {
			isa = PBXVariantGroup;
			children = (
				593C06DF272762070091C045 /* Base */,
			);
			name = LaunchScreen.storyboard;
			sourceTree = "<group>";
		};
/* End PBXVariantGroup section */

/* Begin XCBuildConfiguration section */
		593C06F8272762070091C045 /* Debug */ = {
			isa = XCBuildConfiguration;
			buildSettings = {
				ALWAYS_SEARCH_USER_PATHS = NO;
				CLANG_ANALYZER_NONNULL = YES;
				CLANG_ANALYZER_NUMBER_OBJECT_CONVERSION = YES_AGGRESSIVE;
				CLANG_CXX_LANGUAGE_STANDARD = "gnu++17";
				CLANG_CXX_LIBRARY = "libc++";
				CLANG_ENABLE_MODULES = YES;
				CLANG_ENABLE_OBJC_ARC = YES;
				CLANG_ENABLE_OBJC_WEAK = YES;
				CLANG_WARN_BLOCK_CAPTURE_AUTORELEASING = YES;
				CLANG_WARN_BOOL_CONVERSION = YES;
				CLANG_WARN_COMMA = YES;
				CLANG_WARN_CONSTANT_CONVERSION = YES;
				CLANG_WARN_DEPRECATED_OBJC_IMPLEMENTATIONS = YES;
				CLANG_WARN_DIRECT_OBJC_ISA_USAGE = YES_ERROR;
				CLANG_WARN_DOCUMENTATION_COMMENTS = YES;
				CLANG_WARN_EMPTY_BODY = YES;
				CLANG_WARN_ENUM_CONVERSION = YES;
				CLANG_WARN_INFINITE_RECURSION = YES;
				CLANG_WARN_INT_CONVERSION = YES;
				CLANG_WARN_NON_LITERAL_NULL_CONVERSION = YES;
				CLANG_WARN_OBJC_IMPLICIT_RETAIN_SELF = YES;
				CLANG_WARN_OBJC_LITERAL_CONVERSION = YES;
				CLANG_WARN_OBJC_ROOT_CLASS = YES_ERROR;
				CLANG_WARN_QUOTED_INCLUDE_IN_FRAMEWORK_HEADER = YES;
				CLANG_WARN_RANGE_LOOP_ANALYSIS = YES;
				CLANG_WARN_STRICT_PROTOTYPES = YES;
				CLANG_WARN_SUSPICIOUS_MOVE = YES;
				CLANG_WARN_UNGUARDED_AVAILABILITY = YES_AGGRESSIVE;
				CLANG_WARN_UNREACHABLE_CODE = YES;
				CLANG_WARN__DUPLICATE_METHOD_MATCH = YES;
				COPY_PHASE_STRIP = NO;
				DEBUG_INFORMATION_FORMAT = dwarf;
				ENABLE_STRICT_OBJC_MSGSEND = YES;
				ENABLE_TESTABILITY = YES;
				GCC_C_LANGUAGE_STANDARD = gnu11;
				GCC_DYNAMIC_NO_PIC = NO;
				GCC_NO_COMMON_BLOCKS = YES;
				GCC_OPTIMIZATION_LEVEL = 0;
				GCC_PREPROCESSOR_DEFINITIONS = (
					"DEBUG=1",
					"$(inherited)",
				);
				GCC_WARN_64_TO_32_BIT_CONVERSION = YES;
				GCC_WARN_ABOUT_RETURN_TYPE = YES_ERROR;
				GCC_WARN_UNDECLARED_SELECTOR = YES;
				GCC_WARN_UNINITIALIZED_AUTOS = YES_AGGRESSIVE;
				GCC_WARN_UNUSED_FUNCTION = YES;
				GCC_WARN_UNUSED_VARIABLE = YES;
				IPHONEOS_DEPLOYMENT_TARGET = 15.0;
				MTL_ENABLE_DEBUG_INFO = INCLUDE_SOURCE;
				MTL_FAST_MATH = YES;
				ONLY_ACTIVE_ARCH = YES;
				SDKROOT = iphoneos;
				SWIFT_ACTIVE_COMPILATION_CONDITIONS = DEBUG;
				SWIFT_OPTIMIZATION_LEVEL = "-Onone";
			};
			name = Debug;
		};
		593C06F9272762070091C045 /* Release */ = {
			isa = XCBuildConfiguration;
			buildSettings = {
				ALWAYS_SEARCH_USER_PATHS = NO;
				CLANG_ANALYZER_NONNULL = YES;
				CLANG_ANALYZER_NUMBER_OBJECT_CONVERSION = YES_AGGRESSIVE;
				CLANG_CXX_LANGUAGE_STANDARD = "gnu++17";
				CLANG_CXX_LIBRARY = "libc++";
				CLANG_ENABLE_MODULES = YES;
				CLANG_ENABLE_OBJC_ARC = YES;
				CLANG_ENABLE_OBJC_WEAK = YES;
				CLANG_WARN_BLOCK_CAPTURE_AUTORELEASING = YES;
				CLANG_WARN_BOOL_CONVERSION = YES;
				CLANG_WARN_COMMA = YES;
				CLANG_WARN_CONSTANT_CONVERSION = YES;
				CLANG_WARN_DEPRECATED_OBJC_IMPLEMENTATIONS = YES;
				CLANG_WARN_DIRECT_OBJC_ISA_USAGE = YES_ERROR;
				CLANG_WARN_DOCUMENTATION_COMMENTS = YES;
				CLANG_WARN_EMPTY_BODY = YES;
				CLANG_WARN_ENUM_CONVERSION = YES;
				CLANG_WARN_INFINITE_RECURSION = YES;
				CLANG_WARN_INT_CONVERSION = YES;
				CLANG_WARN_NON_LITERAL_NULL_CONVERSION = YES;
				CLANG_WARN_OBJC_IMPLICIT_RETAIN_SELF = YES;
				CLANG_WARN_OBJC_LITERAL_CONVERSION = YES;
				CLANG_WARN_OBJC_ROOT_CLASS = YES_ERROR;
				CLANG_WARN_QUOTED_INCLUDE_IN_FRAMEWORK_HEADER = YES;
				CLANG_WARN_RANGE_LOOP_ANALYSIS = YES;
				CLANG_WARN_STRICT_PROTOTYPES = YES;
				CLANG_WARN_SUSPICIOUS_MOVE = YES;
				CLANG_WARN_UNGUARDED_AVAILABILITY = YES_AGGRESSIVE;
				CLANG_WARN_UNREACHABLE_CODE = YES;
				CLANG_WARN__DUPLICATE_METHOD_MATCH = YES;
				COPY_PHASE_STRIP = NO;
				DEBUG_INFORMATION_FORMAT = "dwarf-with-dsym";
				ENABLE_NS_ASSERTIONS = NO;
				ENABLE_STRICT_OBJC_MSGSEND = YES;
				GCC_C_LANGUAGE_STANDARD = gnu11;
				GCC_NO_COMMON_BLOCKS = YES;
				GCC_WARN_64_TO_32_BIT_CONVERSION = YES;
				GCC_WARN_ABOUT_RETURN_TYPE = YES_ERROR;
				GCC_WARN_UNDECLARED_SELECTOR = YES;
				GCC_WARN_UNINITIALIZED_AUTOS = YES_AGGRESSIVE;
				GCC_WARN_UNUSED_FUNCTION = YES;
				GCC_WARN_UNUSED_VARIABLE = YES;
				IPHONEOS_DEPLOYMENT_TARGET = 15.0;
				MTL_ENABLE_DEBUG_INFO = NO;
				MTL_FAST_MATH = YES;
				SDKROOT = iphoneos;
				SWIFT_COMPILATION_MODE = wholemodule;
				SWIFT_OPTIMIZATION_LEVEL = "-O";
				VALIDATE_PRODUCT = YES;
			};
			name = Release;
		};
		593C06FB272762070091C045 /* Debug */ = {
			isa = XCBuildConfiguration;
			baseConfigurationReference = CC03D4D7DC495CC9C45FF575 /* Pods-AppcentNewsFeed.debug.xcconfig */;
			buildSettings = {
				ASSETCATALOG_COMPILER_APPICON_NAME = AppIcon;
				ASSETCATALOG_COMPILER_GLOBAL_ACCENT_COLOR_NAME = AccentColor;
				CODE_SIGN_STYLE = Automatic;
				CURRENT_PROJECT_VERSION = 1;
				GENERATE_INFOPLIST_FILE = YES;
				INFOPLIST_FILE = AppcentNewsFeed/Info.plist;
				INFOPLIST_KEY_UIApplicationSupportsIndirectInputEvents = YES;
				INFOPLIST_KEY_UILaunchStoryboardName = LaunchScreen;
				INFOPLIST_KEY_UIMainStoryboardFile = Main;
				INFOPLIST_KEY_UISupportedInterfaceOrientations_iPad = "UIInterfaceOrientationPortrait UIInterfaceOrientationPortraitUpsideDown UIInterfaceOrientationLandscapeLeft UIInterfaceOrientationLandscapeRight";
				INFOPLIST_KEY_UISupportedInterfaceOrientations_iPhone = "UIInterfaceOrientationPortrait UIInterfaceOrientationLandscapeLeft UIInterfaceOrientationLandscapeRight";
				LD_RUNPATH_SEARCH_PATHS = (
					"$(inherited)",
					"@executable_path/Frameworks",
				);
				MARKETING_VERSION = 1.0;
				PRODUCT_BUNDLE_IDENTIFIER = com.isoas.AppcentNewsFeed;
				PRODUCT_NAME = "$(TARGET_NAME)";
				SWIFT_EMIT_LOC_STRINGS = YES;
				SWIFT_VERSION = 5.0;
				TARGETED_DEVICE_FAMILY = "1,2";
			};
			name = Debug;
		};
		593C06FC272762070091C045 /* Release */ = {
			isa = XCBuildConfiguration;
			baseConfigurationReference = 80175F2FC8C2AE22749F8017 /* Pods-AppcentNewsFeed.release.xcconfig */;
			buildSettings = {
				ASSETCATALOG_COMPILER_APPICON_NAME = AppIcon;
				ASSETCATALOG_COMPILER_GLOBAL_ACCENT_COLOR_NAME = AccentColor;
				CODE_SIGN_STYLE = Automatic;
				CURRENT_PROJECT_VERSION = 1;
				GENERATE_INFOPLIST_FILE = YES;
				INFOPLIST_FILE = AppcentNewsFeed/Info.plist;
				INFOPLIST_KEY_UIApplicationSupportsIndirectInputEvents = YES;
				INFOPLIST_KEY_UILaunchStoryboardName = LaunchScreen;
				INFOPLIST_KEY_UIMainStoryboardFile = Main;
				INFOPLIST_KEY_UISupportedInterfaceOrientations_iPad = "UIInterfaceOrientationPortrait UIInterfaceOrientationPortraitUpsideDown UIInterfaceOrientationLandscapeLeft UIInterfaceOrientationLandscapeRight";
				INFOPLIST_KEY_UISupportedInterfaceOrientations_iPhone = "UIInterfaceOrientationPortrait UIInterfaceOrientationLandscapeLeft UIInterfaceOrientationLandscapeRight";
				LD_RUNPATH_SEARCH_PATHS = (
					"$(inherited)",
					"@executable_path/Frameworks",
				);
				MARKETING_VERSION = 1.0;
				PRODUCT_BUNDLE_IDENTIFIER = com.isoas.AppcentNewsFeed;
				PRODUCT_NAME = "$(TARGET_NAME)";
				SWIFT_EMIT_LOC_STRINGS = YES;
				SWIFT_VERSION = 5.0;
				TARGETED_DEVICE_FAMILY = "1,2";
			};
			name = Release;
		};
		593C06FE272762070091C045 /* Debug */ = {
			isa = XCBuildConfiguration;
			baseConfigurationReference = 210CE26E6A39CED4146885F0 /* Pods-AppcentNewsFeedTests.debug.xcconfig */;
			buildSettings = {
				ALWAYS_EMBED_SWIFT_STANDARD_LIBRARIES = YES;
				BUNDLE_LOADER = "$(TEST_HOST)";
				CODE_SIGN_STYLE = Automatic;
				CURRENT_PROJECT_VERSION = 1;
				GENERATE_INFOPLIST_FILE = YES;
				IPHONEOS_DEPLOYMENT_TARGET = 15.0;
				LD_RUNPATH_SEARCH_PATHS = (
					"$(inherited)",
					"@executable_path/Frameworks",
					"@loader_path/Frameworks",
				);
				MARKETING_VERSION = 1.0;
				PRODUCT_BUNDLE_IDENTIFIER = com.isoas.AppcentNewsFeedTests;
				PRODUCT_NAME = "$(TARGET_NAME)";
				SWIFT_EMIT_LOC_STRINGS = NO;
				SWIFT_VERSION = 5.0;
				TARGETED_DEVICE_FAMILY = "1,2";
				TEST_HOST = "$(BUILT_PRODUCTS_DIR)/AppcentNewsFeed.app/AppcentNewsFeed";
			};
			name = Debug;
		};
		593C06FF272762070091C045 /* Release */ = {
			isa = XCBuildConfiguration;
			baseConfigurationReference = 18E24D6B879CFFE5A224DB50 /* Pods-AppcentNewsFeedTests.release.xcconfig */;
			buildSettings = {
				ALWAYS_EMBED_SWIFT_STANDARD_LIBRARIES = YES;
				BUNDLE_LOADER = "$(TEST_HOST)";
				CODE_SIGN_STYLE = Automatic;
				CURRENT_PROJECT_VERSION = 1;
				GENERATE_INFOPLIST_FILE = YES;
				IPHONEOS_DEPLOYMENT_TARGET = 15.0;
				LD_RUNPATH_SEARCH_PATHS = (
					"$(inherited)",
					"@executable_path/Frameworks",
					"@loader_path/Frameworks",
				);
				MARKETING_VERSION = 1.0;
				PRODUCT_BUNDLE_IDENTIFIER = com.isoas.AppcentNewsFeedTests;
				PRODUCT_NAME = "$(TARGET_NAME)";
				SWIFT_EMIT_LOC_STRINGS = NO;
				SWIFT_VERSION = 5.0;
				TARGETED_DEVICE_FAMILY = "1,2";
				TEST_HOST = "$(BUILT_PRODUCTS_DIR)/AppcentNewsFeed.app/AppcentNewsFeed";
			};
			name = Release;
		};
		593C0701272762070091C045 /* Debug */ = {
			isa = XCBuildConfiguration;
			baseConfigurationReference = E72733E75C55C18700B0E0BF /* Pods-AppcentNewsFeed-AppcentNewsFeedUITests.debug.xcconfig */;
			buildSettings = {
				ALWAYS_EMBED_SWIFT_STANDARD_LIBRARIES = YES;
				CODE_SIGN_STYLE = Automatic;
				CURRENT_PROJECT_VERSION = 1;
				GENERATE_INFOPLIST_FILE = YES;
				LD_RUNPATH_SEARCH_PATHS = (
					"$(inherited)",
					"@executable_path/Frameworks",
					"@loader_path/Frameworks",
				);
				MARKETING_VERSION = 1.0;
				PRODUCT_BUNDLE_IDENTIFIER = com.isoas.AppcentNewsFeedUITests;
				PRODUCT_NAME = "$(TARGET_NAME)";
				SWIFT_EMIT_LOC_STRINGS = NO;
				SWIFT_VERSION = 5.0;
				TARGETED_DEVICE_FAMILY = "1,2";
				TEST_TARGET_NAME = AppcentNewsFeed;
			};
			name = Debug;
		};
		593C0702272762070091C045 /* Release */ = {
			isa = XCBuildConfiguration;
			baseConfigurationReference = 0F44859A8BB5A4B659E0F092 /* Pods-AppcentNewsFeed-AppcentNewsFeedUITests.release.xcconfig */;
			buildSettings = {
				ALWAYS_EMBED_SWIFT_STANDARD_LIBRARIES = YES;
				CODE_SIGN_STYLE = Automatic;
				CURRENT_PROJECT_VERSION = 1;
				GENERATE_INFOPLIST_FILE = YES;
				LD_RUNPATH_SEARCH_PATHS = (
					"$(inherited)",
					"@executable_path/Frameworks",
					"@loader_path/Frameworks",
				);
				MARKETING_VERSION = 1.0;
				PRODUCT_BUNDLE_IDENTIFIER = com.isoas.AppcentNewsFeedUITests;
				PRODUCT_NAME = "$(TARGET_NAME)";
				SWIFT_EMIT_LOC_STRINGS = NO;
				SWIFT_VERSION = 5.0;
				TARGETED_DEVICE_FAMILY = "1,2";
				TEST_TARGET_NAME = AppcentNewsFeed;
			};
			name = Release;
		};
/* End XCBuildConfiguration section */

/* Begin XCConfigurationList section */
		593C06C8272762060091C045 /* Build configuration list for PBXProject "AppcentNewsFeed" */ = {
			isa = XCConfigurationList;
			buildConfigurations = (
				593C06F8272762070091C045 /* Debug */,
				593C06F9272762070091C045 /* Release */,
			);
			defaultConfigurationIsVisible = 0;
			defaultConfigurationName = Release;
		};
		593C06FA272762070091C045 /* Build configuration list for PBXNativeTarget "AppcentNewsFeed" */ = {
			isa = XCConfigurationList;
			buildConfigurations = (
				593C06FB272762070091C045 /* Debug */,
				593C06FC272762070091C045 /* Release */,
			);
			defaultConfigurationIsVisible = 0;
			defaultConfigurationName = Release;
		};
		593C06FD272762070091C045 /* Build configuration list for PBXNativeTarget "AppcentNewsFeedTests" */ = {
			isa = XCConfigurationList;
			buildConfigurations = (
				593C06FE272762070091C045 /* Debug */,
				593C06FF272762070091C045 /* Release */,
			);
			defaultConfigurationIsVisible = 0;
			defaultConfigurationName = Release;
		};
		593C0700272762070091C045 /* Build configuration list for PBXNativeTarget "AppcentNewsFeedUITests" */ = {
			isa = XCConfigurationList;
			buildConfigurations = (
				593C0701272762070091C045 /* Debug */,
				593C0702272762070091C045 /* Release */,
			);
			defaultConfigurationIsVisible = 0;
			defaultConfigurationName = Release;
		};
/* End XCConfigurationList section */

/* Begin XCVersionGroup section */
		593C06D9272762060091C045 /* AppcentNewsFeed.xcdatamodeld */ = {
			isa = XCVersionGroup;
			children = (
				593C06DA272762060091C045 /* AppcentNewsFeed.xcdatamodel */,
			);
			currentVersion = 593C06DA272762060091C045 /* AppcentNewsFeed.xcdatamodel */;
			path = AppcentNewsFeed.xcdatamodeld;
			sourceTree = "<group>";
			versionGroupType = wrapper.xcdatamodel;
		};
/* End XCVersionGroup section */
	};
	rootObject = 593C06C5272762060091C045 /* Project object */;
}
